
Microsoft Visual Studio Solution File, Format Version 12.00
# Visual Studio Version 17
VisualStudioVersion = 17.4.33110.190
MinimumVisualStudioVersion = 10.0.40219.1
Project("{FAE04EC0-301F-11D3-BF4B-00C04F79EFBC}") = "FileExplorer", "FileExplorer\FileExplorer.csproj", "{7F9F577E-7DB9-4986-8B05-B86D44436BBF}"
EndProject
Global
	GlobalSection(SolutionConfigurationPlatforms) = preSolution
		Debug|Any CPU = Debug|Any CPU
		Release|Any CPU = Release|Any CPU
	EndGlobalSection
	GlobalSection(ProjectConfigurationPlatforms) = postSolution
		{7F9F577E-7DB9-4986-8B05-B86D44436BBF}.Debug|Any CPU.ActiveCfg = Debug|Any CPU
		{7F9F577E-7DB9-4986-8B05-B86D44436BBF}.Debug|Any CPU.Build.0 = Debug|Any CPU
		{7F9F577E-7DB9-4986-8B05-B86D44436BBF}.Release|Any CPU.ActiveCfg = Release|Any CPU
		{7F9F577E-7DB9-4986-8B05-B86D44436BBF}.Release|Any CPU.Build.0 = Release|Any CPU
	EndGlobalSection
	GlobalSection(SolutionProperties) = preSolution
		HideSolutionNode = FALSE
	EndGlobalSection
	GlobalSection(ExtensibilityGlobals) = postSolution
		SolutionGuid = {0E8A25E2-06F4-4E0C-A60F-B42C954D9A08}
	EndGlobalSection
EndGlobal
